
Microsoft Visual Studio Solution File, Format Version 12.00
# Visual Studio 15
Project("{FAE04EC0-301F-11D3-BF4B-00C04F79EFBC}") = "Assembly-CSharp", "Assembly-CSharp.csproj", "{95BDC84E-6E06-6F78-6387-D727639EF6A3}"
EndProject
Project("{FAE04EC0-301F-11D3-BF4B-00C04F79EFBC}") = "Assembly-CSharp-Editor", "Assembly-CSharp-Editor.csproj", "{BBE7A540-9C62-3033-12E9-EE3075C1FCEF}"
EndProject
Global
	GlobalSection(SolutionConfigurationPlatforms) = preSolution
		Debug|Any CPU = Debug|Any CPU
		Release|Any CPU = Release|Any CPU
	EndGlobalSection
	GlobalSection(ProjectConfigurationPlatforms) = postSolution
		{95BDC84E-6E06-6F78-6387-D727639EF6A3}.Debug|Any CPU.ActiveCfg = Debug|Any CPU
		{95BDC84E-6E06-6F78-6387-D727639EF6A3}.Debug|Any CPU.Build.0 = Debug|Any CPU
		{95BDC84E-6E06-6F78-6387-D727639EF6A3}.Release|Any CPU.ActiveCfg = Release|Any CPU
		{95BDC84E-6E06-6F78-6387-D727639EF6A3}.Release|Any CPU.Build.0 = Release|Any CPU
		{BBE7A540-9C62-3033-12E9-EE3075C1FCEF}.Debug|Any CPU.ActiveCfg = Debug|Any CPU
		{BBE7A540-9C62-3033-12E9-EE3075C1FCEF}.Debug|Any CPU.Build.0 = Debug|Any CPU
		{BBE7A540-9C62-3033-12E9-EE3075C1FCEF}.Release|Any CPU.ActiveCfg = Release|Any CPU
		{BBE7A540-9C62-3033-12E9-EE3075C1FCEF}.Release|Any CPU.Build.0 = Release|Any CPU
	EndGlobalSection
	GlobalSection(SolutionProperties) = preSolution
		HideSolutionNode = FALSE
	EndGlobalSection
EndGlobal
